
Microsoft Visual Studio Solution File, Format Version 12.00
# Visual Studio Version 16
VisualStudioVersion = 16.0.31205.134
MinimumVisualStudioVersion = 10.0.40219.1
Project("{FAE04EC0-301F-11D3-BF4B-00C04F79EFBC}") = "Catalog.API", "Catalog.API\Catalog.API.csproj", "{A195F459-4811-45EF-842B-BA01BACC8EA6}"
EndProject
Global
	GlobalSection(SolutionConfigurationPlatforms) = preSolution
		Debug|Any CPU = Debug|Any CPU
		Release|Any CPU = Release|Any CPU
	EndGlobalSection
	GlobalSection(ProjectConfigurationPlatforms) = postSolution
		{A195F459-4811-45EF-842B-BA01BACC8EA6}.Debug|Any CPU.ActiveCfg = Debug|Any CPU
		{A195F459-4811-45EF-842B-BA01BACC8EA6}.Debug|Any CPU.Build.0 = Debug|Any CPU
		{A195F459-4811-45EF-842B-BA01BACC8EA6}.Release|Any CPU.ActiveCfg = Release|Any CPU
		{A195F459-4811-45EF-842B-BA01BACC8EA6}.Release|Any CPU.Build.0 = Release|Any CPU
	EndGlobalSection
	GlobalSection(SolutionProperties) = preSolution
		HideSolutionNode = FALSE
	EndGlobalSection
	GlobalSection(ExtensibilityGlobals) = postSolution
		SolutionGuid = {A7B02180-9602-4C7B-8834-08CBF58E33F7}
	EndGlobalSection
EndGlobal
